lockfileVersion: '9.0'

settings:
  autoInstallPeers: true
  excludeLinksFromLockfile: false

importers:

  .:
    devDependencies:
      daisyui:
        specifier: ^5.5.23
        version: 5.5.23
      tailwindcss:
        specifier: ^4.3.1
        version: 4.3.1

packages:

  daisyui@5.5.23:
    resolution: {integrity: sha512-xuheNUSL4T6ZVtWXoioqcNkjoyGX85QTDz4HTw2aBPfqk4fuMjax5HDo8qCmpV6M1YN8bGvfx5BpYCoDeRlt+A==}

  tailwindcss@4.3.1:
    resolution: {integrity: sha512-hk+TB1m+K8CYNrP6rjQaq/Y+4Zylwpa87mLYBKCunwnnQ9p+fHb7kmSfGqyEJoxF/O6CDyABWVFEafNSYKll+Q==}

snapshots:

  daisyui@5.5.23: {}

  tailwindcss@4.3.1: {}
